
Microsoft Visual Studio Solution File, Format Version 12.00
# Visual Studio 2012
Project("{FAE04EC0-301F-11D3-BF4B-00C04F79EFBC}") = "MultiScan-1", "MultiScan-1.csproj", "{BFD3CBBF-8CFD-4688-81E3-D73B0EC8D1B0}"
EndProject
Global
	GlobalSection(SolutionConfigurationPlatforms) = preSolution
		Debug|Any CPU = Debug|Any CPU
		Release|Any CPU = Release|Any CPU
	EndGlobalSection
	GlobalSection(ProjectConfigurationPlatforms) = postSolution
		{BFD3CBBF-8CFD-4688-81E3-D73B0EC8D1B0}.Debug|Any CPU.ActiveCfg = Debug|Any CPU
		{BFD3CBBF-8CFD-4688-81E3-D73B0EC8D1B0}.Debug|Any CPU.Build.0 = Debug|Any CPU
		{BFD3CBBF-8CFD-4688-81E3-D73B0EC8D1B0}.Release|Any CPU.ActiveCfg = Release|Any CPU
		{BFD3CBBF-8CFD-4688-81E3-D73B0EC8D1B0}.Release|Any CPU.Build.0 = Release|Any CPU
	EndGlobalSection
EndGlobal
